
Microsoft Visual Studio Solution File, Format Version 12.00
# Visual Studio Version 17
VisualStudioVersion = 17.0.31808.319
MinimumVisualStudioVersion = 10.0.40219.1
Project("{9A19103F-16F7-4668-BE54-9A1E7A4F7556}") = "IdeaVideoAI", "IdeaVideoAI\IdeaVideoAI.csproj", "{8445B37C-014C-4FD6-8186-78711C849142}"
EndProject
Project("{FAE04EC0-301F-11D3-BF4B-00C04F79EFBC}") = "IdeaVideoAITests", "IdeaVideoAITests\IdeaVideoAITests.csproj", "{630B81F3-604C-4674-B3BC-8B77B1835641}"
EndProject
Global
	GlobalSection(SolutionConfigurationPlatforms) = preSolution
		Debug|Any CPU = Debug|Any CPU
		Debug|ARM = Debug|ARM
		Debug|ARM64 = Debug|ARM64
		Debug|x64 = Debug|x64
		Debug|x86 = Debug|x86
		Release|Any CPU = Release|Any CPU
		Release|ARM = Release|ARM
		Release|ARM64 = Release|ARM64
		Release|x64 = Release|x64
		Release|x86 = Release|x86
	EndGlobalSection
	GlobalSection(ProjectConfigurationPlatforms) = postSolution
		{8445B37C-014C-4FD6-8186-78711C849142}.Debug|Any CPU.ActiveCfg = Debug|Any CPU
		{8445B37C-014C-4FD6-8186-78711C849142}.Debug|Any CPU.Build.0 = Debug|Any CPU
		{8445B37C-014C-4FD6-8186-78711C849142}.Debug|ARM.ActiveCfg = Debug|Any CPU
		{8445B37C-014C-4FD6-8186-78711C849142}.Debug|ARM.Build.0 = Debug|Any CPU
		{8445B37C-014C-4FD6-8186-78711C849142}.Debug|ARM64.ActiveCfg = Debug|Any CPU
		{8445B37C-014C-4FD6-8186-78711C849142}.Debug|ARM64.Build.0 = Debug|Any CPU
		{8445B37C-014C-4FD6-8186-78711C849142}.Debug|x64.ActiveCfg = Debug|Any CPU
		{8445B37C-014C-4FD6-8186-78711C849142}.Debug|x64.Build.0 = Debug|Any CPU
		{8445B37C-014C-4FD6-8186-78711C849142}.Debug|x86.ActiveCfg = Debug|Any CPU
		{8445B37C-014C-4FD6-8186-78711C849142}.Debug|x86.Build.0 = Debug|Any CPU
		{8445B37C-014C-4FD6-8186-78711C849142}.Release|Any CPU.ActiveCfg = Release|Any CPU
		{8445B37C-014C-4FD6-8186-78711C849142}.Release|Any CPU.Build.0 = Release|Any CPU
		{8445B37C-014C-4FD6-8186-78711C849142}.Release|ARM.ActiveCfg = Release|Any CPU
		{8445B37C-014C-4FD6-8186-78711C849142}.Release|ARM.Build.0 = Release|Any CPU
		{8445B37C-014C-4FD6-8186-78711C849142}.Release|ARM64.ActiveCfg = Release|Any CPU
		{8445B37C-014C-4FD6-8186-78711C849142}.Release|ARM64.Build.0 = Release|Any CPU
		{8445B37C-014C-4FD6-8186-78711C849142}.Release|x64.ActiveCfg = Release|Any CPU
		{8445B37C-014C-4FD6-8186-78711C849142}.Release|x64.Build.0 = Release|Any CPU
		{8445B37C-014C-4FD6-8186-78711C849142}.Release|x86.ActiveCfg = Release|Any CPU
		{8445B37C-014C-4FD6-8186-78711C849142}.Release|x86.Build.0 = Release|Any CPU
		{630B81F3-604C-4674-B3BC-8B77B1835641}.Debug|Any CPU.ActiveCfg = Debug|Any CPU
		{630B81F3-604C-4674-B3BC-8B77B1835641}.Debug|Any CPU.Build.0 = Debug|Any CPU
		{630B81F3-604C-4674-B3BC-8B77B1835641}.Debug|ARM.ActiveCfg = Debug|Any CPU
		{630B81F3-604C-4674-B3BC-8B77B1835641}.Debug|ARM.Build.0 = Debug|Any CPU
		{630B81F3-604C-4674-B3BC-8B77B1835641}.Debug|ARM64.ActiveCfg = Debug|Any CPU
		{630B81F3-604C-4674-B3BC-8B77B1835641}.Debug|ARM64.Build.0 = Debug|Any CPU
		{630B81F3-604C-4674-B3BC-8B77B1835641}.Debug|x64.ActiveCfg = Debug|Any CPU
		{630B81F3-604C-4674-B3BC-8B77B1835641}.Debug|x64.Build.0 = Debug|Any CPU
		{630B81F3-604C-4674-B3BC-8B77B1835641}.Debug|x86.ActiveCfg = Debug|Any CPU
		{630B81F3-604C-4674-B3BC-8B77B1835641}.Debug|x86.Build.0 = Debug|Any CPU
		{630B81F3-604C-4674-B3BC-8B77B1835641}.Release|Any CPU.ActiveCfg = Release|Any CPU
		{630B81F3-604C-4674-B3BC-8B77B1835641}.Release|Any CPU.Build.0 = Release|Any CPU
		{630B81F3-604C-4674-B3BC-8B77B1835641}.Release|ARM.ActiveCfg = Release|Any CPU
		{630B81F3-604C-4674-B3BC-8B77B1835641}.Release|ARM.Build.0 = Release|Any CPU
		{630B81F3-604C-4674-B3BC-8B77B1835641}.Release|ARM64.ActiveCfg = Release|Any CPU
		{630B81F3-604C-4674-B3BC-8B77B1835641}.Release|ARM64.Build.0 = Release|Any CPU
		{630B81F3-604C-4674-B3BC-8B77B1835641}.Release|x64.ActiveCfg = Release|Any CPU
		{630B81F3-604C-4674-B3BC-8B77B1835641}.Release|x64.Build.0 = Release|Any CPU
		{630B81F3-604C-4674-B3BC-8B77B1835641}.Release|x86.ActiveCfg = Release|Any CPU
		{630B81F3-604C-4674-B3BC-8B77B1835641}.Release|x86.Build.0 = Release|Any CPU
	EndGlobalSection
	GlobalSection(SolutionProperties) = preSolution
		HideSolutionNode = FALSE
	EndGlobalSection
	GlobalSection(ExtensibilityGlobals) = postSolution
		SolutionGuid = {EB65D361-BF76-4782-AA5B-573B040B1EB3}
	EndGlobalSection
EndGlobal
