
Microsoft Visual Studio Solution File, Format Version 12.00
# Visual Studio Version 17
VisualStudioVersion = 17.0.31808.319
MinimumVisualStudioVersion = 10.0.40219.1
Project("{9A19103F-16F7-4668-BE54-9A1E7A4F7556}") = "IdeaVideoAI", "IdeaVideoAI\IdeaVideoAI.csproj", "{8445B37C-014C-4FD6-8186-78711C849142}"
EndProject
Project("{C7167F0D-BC9F-4E6E-AFE1-012C56B48DB5}") = "IdeaVideoAIPackage", "IdeaVideoAIPackage\IdeaVideoAIPackage.wapproj", "{960D0F3F-B331-4E2B-B432-F0A0054BEBE0}"
EndProject
Global
	GlobalSection(SolutionConfigurationPlatforms) = preSolution
		Debug|Any CPU = Debug|Any CPU
		Debug|ARM = Debug|ARM
		Debug|ARM64 = Debug|ARM64
		Debug|x64 = Debug|x64
		Debug|x86 = Debug|x86
		Release|Any CPU = Release|Any CPU
		Release|ARM = Release|ARM
		Release|ARM64 = Release|ARM64
		Release|x64 = Release|x64
		Release|x86 = Release|x86
	EndGlobalSection
	GlobalSection(ProjectConfigurationPlatforms) = postSolution
		{8445B37C-014C-4FD6-8186-78711C849142}.Debug|Any CPU.ActiveCfg = Debug|Any CPU
		{8445B37C-014C-4FD6-8186-78711C849142}.Debug|Any CPU.Build.0 = Debug|Any CPU
		{8445B37C-014C-4FD6-8186-78711C849142}.Debug|ARM.ActiveCfg = Debug|Any CPU
		{8445B37C-014C-4FD6-8186-78711C849142}.Debug|ARM.Build.0 = Debug|Any CPU
		{8445B37C-014C-4FD6-8186-78711C849142}.Debug|ARM64.ActiveCfg = Debug|Any CPU
		{8445B37C-014C-4FD6-8186-78711C849142}.Debug|ARM64.Build.0 = Debug|Any CPU
		{8445B37C-014C-4FD6-8186-78711C849142}.Debug|x64.ActiveCfg = Debug|Any CPU
		{8445B37C-014C-4FD6-8186-78711C849142}.Debug|x64.Build.0 = Debug|Any CPU
		{8445B37C-014C-4FD6-8186-78711C849142}.Debug|x86.ActiveCfg = Debug|Any CPU
		{8445B37C-014C-4FD6-8186-78711C849142}.Debug|x86.Build.0 = Debug|Any CPU
		{8445B37C-014C-4FD6-8186-78711C849142}.Release|Any CPU.ActiveCfg = Release|Any CPU
		{8445B37C-014C-4FD6-8186-78711C849142}.Release|Any CPU.Build.0 = Release|Any CPU
		{8445B37C-014C-4FD6-8186-78711C849142}.Release|ARM.ActiveCfg = Release|Any CPU
		{8445B37C-014C-4FD6-8186-78711C849142}.Release|ARM.Build.0 = Release|Any CPU
		{8445B37C-014C-4FD6-8186-78711C849142}.Release|ARM64.ActiveCfg = Release|Any CPU
		{8445B37C-014C-4FD6-8186-78711C849142}.Release|ARM64.Build.0 = Release|Any CPU
		{8445B37C-014C-4FD6-8186-78711C849142}.Release|x64.ActiveCfg = Release|Any CPU
		{8445B37C-014C-4FD6-8186-78711C849142}.Release|x64.Build.0 = Release|Any CPU
		{8445B37C-014C-4FD6-8186-78711C849142}.Release|x86.ActiveCfg = Release|Any CPU
		{8445B37C-014C-4FD6-8186-78711C849142}.Release|x86.Build.0 = Release|Any CPU
		{960D0F3F-B331-4E2B-B432-F0A0054BEBE0}.Debug|Any CPU.ActiveCfg = Debug|Any CPU
		{960D0F3F-B331-4E2B-B432-F0A0054BEBE0}.Debug|Any CPU.Build.0 = Debug|Any CPU
		{960D0F3F-B331-4E2B-B432-F0A0054BEBE0}.Debug|Any CPU.Deploy.0 = Debug|Any CPU
		{960D0F3F-B331-4E2B-B432-F0A0054BEBE0}.Debug|ARM.ActiveCfg = Debug|ARM
		{960D0F3F-B331-4E2B-B432-F0A0054BEBE0}.Debug|ARM.Build.0 = Debug|ARM
		{960D0F3F-B331-4E2B-B432-F0A0054BEBE0}.Debug|ARM.Deploy.0 = Debug|ARM
		{960D0F3F-B331-4E2B-B432-F0A0054BEBE0}.Debug|ARM64.ActiveCfg = Debug|ARM64
		{960D0F3F-B331-4E2B-B432-F0A0054BEBE0}.Debug|ARM64.Build.0 = Debug|ARM64
		{960D0F3F-B331-4E2B-B432-F0A0054BEBE0}.Debug|ARM64.Deploy.0 = Debug|ARM64
		{960D0F3F-B331-4E2B-B432-F0A0054BEBE0}.Debug|x64.ActiveCfg = Debug|x64
		{960D0F3F-B331-4E2B-B432-F0A0054BEBE0}.Debug|x64.Build.0 = Debug|x64
		{960D0F3F-B331-4E2B-B432-F0A0054BEBE0}.Debug|x64.Deploy.0 = Debug|x64
		{960D0F3F-B331-4E2B-B432-F0A0054BEBE0}.Debug|x86.ActiveCfg = Debug|x86
		{960D0F3F-B331-4E2B-B432-F0A0054BEBE0}.Debug|x86.Build.0 = Debug|x86
		{960D0F3F-B331-4E2B-B432-F0A0054BEBE0}.Debug|x86.Deploy.0 = Debug|x86
		{960D0F3F-B331-4E2B-B432-F0A0054BEBE0}.Release|Any CPU.ActiveCfg = Release|Any CPU
		{960D0F3F-B331-4E2B-B432-F0A0054BEBE0}.Release|Any CPU.Build.0 = Release|Any CPU
		{960D0F3F-B331-4E2B-B432-F0A0054BEBE0}.Release|Any CPU.Deploy.0 = Release|Any CPU
		{960D0F3F-B331-4E2B-B432-F0A0054BEBE0}.Release|ARM.ActiveCfg = Release|ARM
		{960D0F3F-B331-4E2B-B432-F0A0054BEBE0}.Release|ARM.Build.0 = Release|ARM
		{960D0F3F-B331-4E2B-B432-F0A0054BEBE0}.Release|ARM.Deploy.0 = Release|ARM
		{960D0F3F-B331-4E2B-B432-F0A0054BEBE0}.Release|ARM64.ActiveCfg = Release|ARM64
		{960D0F3F-B331-4E2B-B432-F0A0054BEBE0}.Release|ARM64.Build.0 = Release|ARM64
		{960D0F3F-B331-4E2B-B432-F0A0054BEBE0}.Release|ARM64.Deploy.0 = Release|ARM64
		{960D0F3F-B331-4E2B-B432-F0A0054BEBE0}.Release|x64.ActiveCfg = Release|x64
		{960D0F3F-B331-4E2B-B432-F0A0054BEBE0}.Release|x64.Build.0 = Release|x64
		{960D0F3F-B331-4E2B-B432-F0A0054BEBE0}.Release|x64.Deploy.0 = Release|x64
		{960D0F3F-B331-4E2B-B432-F0A0054BEBE0}.Release|x86.ActiveCfg = Release|x86
		{960D0F3F-B331-4E2B-B432-F0A0054BEBE0}.Release|x86.Build.0 = Release|x86
		{960D0F3F-B331-4E2B-B432-F0A0054BEBE0}.Release|x86.Deploy.0 = Release|x86
	EndGlobalSection
	GlobalSection(SolutionProperties) = preSolution
		HideSolutionNode = FALSE
	EndGlobalSection
	GlobalSection(ExtensibilityGlobals) = postSolution
		SolutionGuid = {EB65D361-BF76-4782-AA5B-573B040B1EB3}
	EndGlobalSection
EndGlobal
